
Microsoft Visual Studio Solution File, Format Version 12.00
# Visual Studio 2012
Project("{FAE04EC0-301F-11D3-BF4B-00C04F79EFBC}") = "Plugins.WebHooks", "Plugins.WebHooks\Plugins.WebHooks.csproj", "{44EB6B18-BD83-4097-8252-76505ABB6CEF}"
EndProject
Global
	GlobalSection(SolutionConfigurationPlatforms) = preSolution
		Debug|Any CPU = Debug|Any CPU
		Release|Any CPU = Release|Any CPU
	EndGlobalSection
	GlobalSection(ProjectConfigurationPlatforms) = postSolution
		{44EB6B18-BD83-4097-8252-76505ABB6CEF}.Debug|Any CPU.ActiveCfg = Debug|Any CPU
		{44EB6B18-BD83-4097-8252-76505ABB6CEF}.Debug|Any CPU.Build.0 = Debug|Any CPU
		{44EB6B18-BD83-4097-8252-76505ABB6CEF}.Release|Any CPU.ActiveCfg = Release|Any CPU
		{44EB6B18-BD83-4097-8252-76505ABB6CEF}.Release|Any CPU.Build.0 = Release|Any CPU
	EndGlobalSection
	GlobalSection(SolutionProperties) = preSolution
		HideSolutionNode = FALSE
	EndGlobalSection
	GlobalSection(ExtensibilityGlobals) = postSolution
		EnterpriseLibraryConfigurationToolBinariesPath = packages\Unity.2.1.505.0\lib\NET35;packages\Unity.Interception.2.1.505.0\lib\NET35
	EndGlobalSection
EndGlobal
